
Microsoft Visual Studio Solution File, Format Version 12.00
# Visual Studio 2013
VisualStudioVersion = 12.0.31101.0
MinimumVisualStudioVersion = 10.0.40219.1
Project("{FAE04EC0-301F-11D3-BF4B-00C04F79EFBC}") = "STInterviewTest.Infrastructure", "STInterviewTest.Infrastructure\STInterviewTest.Infrastructure.csproj", "{67D55D34-B017-489B-81E6-055A1712DDEA}"
EndProject
Project("{FAE04EC0-301F-11D3-BF4B-00C04F79EFBC}") = "STInterviewTest.Infrastructure.Tests", "STInterviewTest.Infrastructure.Tests\STInterviewTest.Infrastructure.Tests.csproj", "{EA5F835E-415F-4A20-98EE-5AF261B6991B}"
EndProject
Project("{FAE04EC0-301F-11D3-BF4B-00C04F79EFBC}") = "STInterviewTest.ClassicAnalyzerService", "STInterviewTest.ClassicAnalyzerService\STInterviewTest.ClassicAnalyzerService.csproj", "{198D269A-EB29-4DE1-B412-A5A2AD16767B}"
EndProject
Project("{FAE04EC0-301F-11D3-BF4B-00C04F79EFBC}") = "STInterviewTest.RestfulAnalyzerService", "STInterviewTest.RestfulAnalyzerService\STInterviewTest.RestfulAnalyzerService.csproj", "{FC963499-E700-41D7-9BC2-50895B82DBB8}"
EndProject
Project("{FAE04EC0-301F-11D3-BF4B-00C04F79EFBC}") = "STInterviewTest.ClassicAnalyzerService.SelfHost", "STInterviewTest.ClassicAnalyzerService.SelfHost\STInterviewTest.ClassicAnalyzerService.SelfHost.csproj", "{F314383F-EC30-4C60-AE88-F0C34C18E17E}"
EndProject
Project("{FAE04EC0-301F-11D3-BF4B-00C04F79EFBC}") = "STInterviewTest.RestfulAnalyzerService.SelfHost", "STInterviewTest.RestfulAnalyzerService.SelfHost\STInterviewTest.RestfulAnalyzerService.SelfHost.csproj", "{36881D19-06FC-4412-B8AC-9E2263CDF418}"
EndProject
Project("{FAE04EC0-301F-11D3-BF4B-00C04F79EFBC}") = "STInterviewTest.ConsoleApp", "STInterviewTest.ConsoleApp\STInterviewTest.ConsoleApp.csproj", "{8B79FEA3-5E6E-4AFF-B855-B65A796EBE9F}"
EndProject
Global
	GlobalSection(SolutionConfigurationPlatforms) = preSolution
		Debug|Any CPU = Debug|Any CPU
		Release|Any CPU = Release|Any CPU
	EndGlobalSection
	GlobalSection(ProjectConfigurationPlatforms) = postSolution
		{67D55D34-B017-489B-81E6-055A1712DDEA}.Debug|Any CPU.ActiveCfg = Debug|Any CPU
		{67D55D34-B017-489B-81E6-055A1712DDEA}.Debug|Any CPU.Build.0 = Debug|Any CPU
		{67D55D34-B017-489B-81E6-055A1712DDEA}.Release|Any CPU.ActiveCfg = Release|Any CPU
		{67D55D34-B017-489B-81E6-055A1712DDEA}.Release|Any CPU.Build.0 = Release|Any CPU
		{EA5F835E-415F-4A20-98EE-5AF261B6991B}.Debug|Any CPU.ActiveCfg = Debug|Any CPU
		{EA5F835E-415F-4A20-98EE-5AF261B6991B}.Debug|Any CPU.Build.0 = Debug|Any CPU
		{EA5F835E-415F-4A20-98EE-5AF261B6991B}.Release|Any CPU.ActiveCfg = Release|Any CPU
		{EA5F835E-415F-4A20-98EE-5AF261B6991B}.Release|Any CPU.Build.0 = Release|Any CPU
		{198D269A-EB29-4DE1-B412-A5A2AD16767B}.Debug|Any CPU.ActiveCfg = Debug|Any CPU
		{198D269A-EB29-4DE1-B412-A5A2AD16767B}.Debug|Any CPU.Build.0 = Debug|Any CPU
		{198D269A-EB29-4DE1-B412-A5A2AD16767B}.Release|Any CPU.ActiveCfg = Release|Any CPU
		{198D269A-EB29-4DE1-B412-A5A2AD16767B}.Release|Any CPU.Build.0 = Release|Any CPU
		{FC963499-E700-41D7-9BC2-50895B82DBB8}.Debug|Any CPU.ActiveCfg = Debug|Any CPU
		{FC963499-E700-41D7-9BC2-50895B82DBB8}.Debug|Any CPU.Build.0 = Debug|Any CPU
		{FC963499-E700-41D7-9BC2-50895B82DBB8}.Release|Any CPU.ActiveCfg = Release|Any CPU
		{FC963499-E700-41D7-9BC2-50895B82DBB8}.Release|Any CPU.Build.0 = Release|Any CPU
		{F314383F-EC30-4C60-AE88-F0C34C18E17E}.Debug|Any CPU.ActiveCfg = Debug|Any CPU
		{F314383F-EC30-4C60-AE88-F0C34C18E17E}.Debug|Any CPU.Build.0 = Debug|Any CPU
		{F314383F-EC30-4C60-AE88-F0C34C18E17E}.Release|Any CPU.ActiveCfg = Release|Any CPU
		{F314383F-EC30-4C60-AE88-F0C34C18E17E}.Release|Any CPU.Build.0 = Release|Any CPU
		{36881D19-06FC-4412-B8AC-9E2263CDF418}.Debug|Any CPU.ActiveCfg = Debug|Any CPU
		{36881D19-06FC-4412-B8AC-9E2263CDF418}.Debug|Any CPU.Build.0 = Debug|Any CPU
		{36881D19-06FC-4412-B8AC-9E2263CDF418}.Release|Any CPU.ActiveCfg = Release|Any CPU
		{36881D19-06FC-4412-B8AC-9E2263CDF418}.Release|Any CPU.Build.0 = Release|Any CPU
		{8B79FEA3-5E6E-4AFF-B855-B65A796EBE9F}.Debug|Any CPU.ActiveCfg = Debug|Any CPU
		{8B79FEA3-5E6E-4AFF-B855-B65A796EBE9F}.Debug|Any CPU.Build.0 = Debug|Any CPU
		{8B79FEA3-5E6E-4AFF-B855-B65A796EBE9F}.Release|Any CPU.ActiveCfg = Release|Any CPU
		{8B79FEA3-5E6E-4AFF-B855-B65A796EBE9F}.Release|Any CPU.Build.0 = Release|Any CPU
	EndGlobalSection
	GlobalSection(SolutionProperties) = preSolution
		HideSolutionNode = FALSE
	EndGlobalSection
EndGlobal
